
Microsoft Visual Studio Solution File, Format Version 12.00
# Visual Studio Version 17
VisualStudioVersion = 17.3.32929.385
MinimumVisualStudioVersion = 10.0.40219.1
Project("{FAE04EC0-301F-11D3-BF4B-00C04F79EFBC}") = "FileSharingSite", "FileSharingSite\FileSharingSite.csproj", "{E08B5440-BF3E-4151-9DDC-D1FA7A819126}"
EndProject
Project("{FAE04EC0-301F-11D3-BF4B-00C04F79EFBC}") = "FileSharingSite.DataAccess.EntityFramework", "FileSharingSite.DataAccess.EntityFramework\FileSharingSite.DataAccess.EntityFramework.csproj", "{96593BF2-8C21-4DB3-AB5A-C8A25A1F4893}"
EndProject
Project("{FAE04EC0-301F-11D3-BF4B-00C04F79EFBC}") = "FileSharingSite.DataAccess.EntityFramework.Repository", "FileSharingSite.DataAccess.EntityFramework.Repository\FileSharingSite.DataAccess.EntityFramework.Repository.csproj", "{B9F180C1-1048-40A0-8984-2F9997302C71}"
EndProject
Project("{FAE04EC0-301F-11D3-BF4B-00C04F79EFBC}") = "FileSharingSite.Business", "FileSharingSite.Business\FileSharingSite.Business.csproj", "{B6B5A686-DB28-4AB2-8B7E-8372914ACC14}"
EndProject
Project("{FAE04EC0-301F-11D3-BF4B-00C04F79EFBC}") = "FileSharingSite.Domain", "FileSharingSite.Domain\FileSharingSite.Domain.csproj", "{299EDF7E-655F-4394-ABBB-FD4E47682D06}"
EndProject
Global
	GlobalSection(SolutionConfigurationPlatforms) = preSolution
		Debug|Any CPU = Debug|Any CPU
		Release|Any CPU = Release|Any CPU
	EndGlobalSection
	GlobalSection(ProjectConfigurationPlatforms) = postSolution
		{E08B5440-BF3E-4151-9DDC-D1FA7A819126}.Debug|Any CPU.ActiveCfg = Debug|Any CPU
		{E08B5440-BF3E-4151-9DDC-D1FA7A819126}.Debug|Any CPU.Build.0 = Debug|Any CPU
		{E08B5440-BF3E-4151-9DDC-D1FA7A819126}.Release|Any CPU.ActiveCfg = Release|Any CPU
		{E08B5440-BF3E-4151-9DDC-D1FA7A819126}.Release|Any CPU.Build.0 = Release|Any CPU
		{96593BF2-8C21-4DB3-AB5A-C8A25A1F4893}.Debug|Any CPU.ActiveCfg = Debug|Any CPU
		{96593BF2-8C21-4DB3-AB5A-C8A25A1F4893}.Debug|Any CPU.Build.0 = Debug|Any CPU
		{96593BF2-8C21-4DB3-AB5A-C8A25A1F4893}.Release|Any CPU.ActiveCfg = Release|Any CPU
		{96593BF2-8C21-4DB3-AB5A-C8A25A1F4893}.Release|Any CPU.Build.0 = Release|Any CPU
		{B9F180C1-1048-40A0-8984-2F9997302C71}.Debug|Any CPU.ActiveCfg = Debug|Any CPU
		{B9F180C1-1048-40A0-8984-2F9997302C71}.Debug|Any CPU.Build.0 = Debug|Any CPU
		{B9F180C1-1048-40A0-8984-2F9997302C71}.Release|Any CPU.ActiveCfg = Release|Any CPU
		{B9F180C1-1048-40A0-8984-2F9997302C71}.Release|Any CPU.Build.0 = Release|Any CPU
		{B6B5A686-DB28-4AB2-8B7E-8372914ACC14}.Debug|Any CPU.ActiveCfg = Debug|Any CPU
		{B6B5A686-DB28-4AB2-8B7E-8372914ACC14}.Debug|Any CPU.Build.0 = Debug|Any CPU
		{B6B5A686-DB28-4AB2-8B7E-8372914ACC14}.Release|Any CPU.ActiveCfg = Release|Any CPU
		{B6B5A686-DB28-4AB2-8B7E-8372914ACC14}.Release|Any CPU.Build.0 = Release|Any CPU
		{299EDF7E-655F-4394-ABBB-FD4E47682D06}.Debug|Any CPU.ActiveCfg = Debug|Any CPU
		{299EDF7E-655F-4394-ABBB-FD4E47682D06}.Debug|Any CPU.Build.0 = Debug|Any CPU
		{299EDF7E-655F-4394-ABBB-FD4E47682D06}.Release|Any CPU.ActiveCfg = Release|Any CPU
		{299EDF7E-655F-4394-ABBB-FD4E47682D06}.Release|Any CPU.Build.0 = Release|Any CPU
	EndGlobalSection
	GlobalSection(SolutionProperties) = preSolution
		HideSolutionNode = FALSE
	EndGlobalSection
	GlobalSection(ExtensibilityGlobals) = postSolution
		SolutionGuid = {0E4C6B4A-CA4C-4C19-9ABF-043B48FC444B}
	EndGlobalSection
EndGlobal
